dependencies:
- name: main
  repository: file://charts/main
  version: 0.1.0
- name: database
  repository: file://charts/database
  version: 0.1.0
- name: auth
  repository: file://charts/auth
  version: 0.1.0
- name: main-canary
  repository: file://charts/main-canary
  version: 0.1.0
digest: sha256:bc61f9d12176fe177d706e8c300cd802ae5bd1f49d59c0201f8da9fd63628b43
generated: "2023-02-05T16:29:57.825533+01:00"
